
Microsoft Visual Studio Solution File, Format Version 12.00
# Visual Studio Version 17
VisualStudioVersion = 17.1.32328.378
MinimumVisualStudioVersion = 10.0.40219.1
Project("{FAE04EC0-301F-11D3-BF4B-00C04F79EFBC}") = "EventHub", "EventHub.csproj", "{3EB5ACD3-530F-47F6-ACAC-7927686E224F}"
EndProject
Global
	GlobalSection(SolutionConfigurationPlatforms) = preSolution
		Debug|Any CPU = Debug|Any CPU
		Release|Any CPU = Release|Any CPU
	EndGlobalSection
	GlobalSection(ProjectConfigurationPlatforms) = postSolution
		{3EB5ACD3-530F-47F6-ACAC-7927686E224F}.Debug|Any CPU.ActiveCfg = Debug|Any CPU
		{3EB5ACD3-530F-47F6-ACAC-7927686E224F}.Debug|Any CPU.Build.0 = Debug|Any CPU
		{3EB5ACD3-530F-47F6-ACAC-7927686E224F}.Release|Any CPU.ActiveCfg = Release|Any CPU
		{3EB5ACD3-530F-47F6-ACAC-7927686E224F}.Release|Any CPU.Build.0 = Release|Any CPU
	EndGlobalSection
	GlobalSection(SolutionProperties) = preSolution
		HideSolutionNode = FALSE
	EndGlobalSection
	GlobalSection(ExtensibilityGlobals) = postSolution
		SolutionGuid = {E4195094-706C-4D97-AE56-B911DB9FACB8}
	EndGlobalSection
EndGlobal
